// !$*UTF8*$!
{
	archiveVersion = 1;
	classes = {
	};
	objectVersion = 55;
	objects = {

/* Begin PBXBuildFile section */
		930464D12900275000034EAD /* AppDelegate.swift in Sources */ = {isa = PBXBuildFile; fileRef = 930464D02900275000034EAD /* AppDelegate.swift */; };
		930464D32900275000034EAD /* SceneDelegate.swift in Sources */ = {isa = PBXBuildFile; fileRef = 930464D22900275000034EAD /* SceneDelegate.swift */; };
		930464D52900275000034EAD /* UniversalMapViewController.swift in Sources */ = {isa = PBXBuildFile; fileRef = 930464D42900275000034EAD /* UniversalMapViewController.swift */; };
		930464D82900275000034EAD /* Main.storyboard in Resources */ = {isa = PBXBuildFile; fileRef = 930464D62900275000034EAD /* Main.storyboard */; };
		930464DA2900275300034EAD /* Assets.xcassets in Resources */ = {isa = PBXBuildFile; fileRef = 930464D92900275300034EAD /* Assets.xcassets */; };
		930464DD2900275300034EAD /* LaunchScreen.storyboard in Resources */ = {isa = PBXBuildFile; fileRef = 930464DB2900275300034EAD /* LaunchScreen.storyboard */; };
		931D0DC5298EBE370031FC19 /* LocationManager.swift in Sources */ = {isa = PBXBuildFile; fileRef = 931D0DC4298EBE370031FC19 /* LocationManager.swift */; };
		9351DE2D29012EF90050067D /* UniversalMapService.swift in Sources */ = {isa = PBXBuildFile; fileRef = 9351DE2C29012EF90050067D /* UniversalMapService.swift */; };
		9351DE2F29012F030050067D /* UniversalMapProtocol.swift in Sources */ = {isa = PBXBuildFile; fileRef = 9351DE2E29012F030050067D /* UniversalMapProtocol.swift */; };
		9351DE342902B9A50050067D /* MapSettingsViewController.swift in Sources */ = {isa = PBXBuildFile; fileRef = 9351DE332902B9A50050067D /* MapSettingsViewController.swift */; };
		9C20ECAFB7D07A05260A3C99 /* Pods_Maps.framework in Frameworks */ = {isa = PBXBuildFile; fileRef = 5749291BDB69E5EEDAF64CFD /* Pods_Maps.framework */; };
/* End PBXBuildFile section */

/* Begin PBXFileReference section */
		22B5926C7F46DF95AB1ED727 /* Pods-Maps.debug.xcconfig */ = {isa = PBXFileReference; includeInIndex = 1; lastKnownFileType = text.xcconfig; name = "Pods-Maps.debug.xcconfig"; path = "Target Support Files/Pods-Maps/Pods-Maps.debug.xcconfig"; sourceTree = "<group>"; };
		5749291BDB69E5EEDAF64CFD /* Pods_Maps.framework */ = {isa = PBXFileReference; explicitFileType = wrapper.framework; includeInIndex = 0; path = Pods_Maps.framework; sourceTree = BUILT_PRODUCTS_DIR; };
		7A4A104A93E26E699404D47C /* Pods-Maps.release.xcconfig */ = {isa = PBXFileReference; includeInIndex = 1; lastKnownFileType = text.xcconfig; name = "Pods-Maps.release.xcconfig"; path = "Target Support Files/Pods-Maps/Pods-Maps.release.xcconfig"; sourceTree = "<group>"; };
		930464CD2900275000034EAD /* Maps.app */ = {isa = PBXFileReference; explicitFileType = wrapper.application; includeInIndex = 0; path = Maps.app; sourceTree = BUILT_PRODUCTS_DIR; };
		930464D02900275000034EAD /* AppDelegate.swift */ = {isa = PBXFileReference; lastKnownFileType = sourcecode.swift; path = AppDelegate.swift; sourceTree = "<group>"; };
		930464D22900275000034EAD /* SceneDelegate.swift */ = {isa = PBXFileReference; lastKnownFileType = sourcecode.swift; path = SceneDelegate.swift; sourceTree = "<group>"; };
		930464D42900275000034EAD /* UniversalMapViewController.swift */ = {isa = PBXFileReference; lastKnownFileType = sourcecode.swift; path = UniversalMapViewController.swift; sourceTree = "<group>"; };
		930464D72900275000034EAD /* Base */ = {isa = PBXFileReference; lastKnownFileType = file.storyboard; name = Base; path = Base.lproj/Main.storyboard; sourceTree = "<group>"; };
		930464D92900275300034EAD /* Assets.xcassets */ = {isa = PBXFileReference; lastKnownFileType = folder.assetcatalog; path = Assets.xcassets; sourceTree = "<group>"; };
		930464DC2900275300034EAD /* Base */ = {isa = PBXFileReference; lastKnownFileType = file.storyboard; name = Base; path = Base.lproj/LaunchScreen.storyboard; sourceTree = "<group>"; };
		930464DE2900275300034EAD /* Info.plist */ = {isa = PBXFileReference; lastKnownFileType = text.plist.xml; path = Info.plist; sourceTree = "<group>"; };
		931D0DC4298EBE370031FC19 /* LocationManager.swift */ = {isa = PBXFileReference; lastKnownFileType = sourcecode.swift; path = LocationManager.swift; sourceTree = "<group>"; };
		9351DE2C29012EF90050067D /* UniversalMapService.swift */ = {isa = PBXFileReference; fileEncoding = 4; lastKnownFileType = sourcecode.swift; path = UniversalMapService.swift; sourceTree = "<group>"; };
		9351DE2E29012F030050067D /* UniversalMapProtocol.swift */ = {isa = PBXFileReference; fileEncoding = 4; lastKnownFileType = sourcecode.swift; path = UniversalMapProtocol.swift; sourceTree = "<group>"; };
		9351DE332902B9A50050067D /* MapSettingsViewController.swift */ = {isa = PBXFileReference; lastKnownFileType = sourcecode.swift; path = MapSettingsViewController.swift; sourceTree = "<group>"; };
/* End PBXFileReference section */

/* Begin PBXFrameworksBuildPhase section */
		930464CA2900275000034EAD /* Frameworks */ = {
			isa = PBXFrameworksBuildPhase;
			buildActionMask = 2147483647;
			files = (
				9C20ECAFB7D07A05260A3C99 /* Pods_Maps.framework in Frameworks */,
			);
			runOnlyForDeploymentPostprocessing = 0;
		};
/* End PBXFrameworksBuildPhase section */

/* Begin PBXGroup section */
		31BD6C9E85FD768C38A65198 /* Pods */ = {
			isa = PBXGroup;
			children = (
				22B5926C7F46DF95AB1ED727 /* Pods-Maps.debug.xcconfig */,
				7A4A104A93E26E699404D47C /* Pods-Maps.release.xcconfig */,
			);
			path = Pods;
			sourceTree = "<group>";
		};
		5B647BCBC879B7936290FEF7 /* Frameworks */ = {
			isa = PBXGroup;
			children = (
				5749291BDB69E5EEDAF64CFD /* Pods_Maps.framework */,
			);
			name = Frameworks;
			sourceTree = "<group>";
		};
		930464C42900275000034EAD = {
			isa = PBXGroup;
			children = (
				930464CF2900275000034EAD /* Maps */,
				930464CE2900275000034EAD /* Products */,
				31BD6C9E85FD768C38A65198 /* Pods */,
				5B647BCBC879B7936290FEF7 /* Frameworks */,
			);
			sourceTree = "<group>";
		};
		930464CE2900275000034EAD /* Products */ = {
			isa = PBXGroup;
			children = (
				930464CD2900275000034EAD /* Maps.app */,
			);
			name = Products;
			sourceTree = "<group>";
		};
		930464CF2900275000034EAD /* Maps */ = {
			isa = PBXGroup;
			children = (
				9351DE30290177550050067D /* Services */,
				930464D02900275000034EAD /* AppDelegate.swift */,
				930464D22900275000034EAD /* SceneDelegate.swift */,
				930464D42900275000034EAD /* UniversalMapViewController.swift */,
				9351DE332902B9A50050067D /* MapSettingsViewController.swift */,
				930464D62900275000034EAD /* Main.storyboard */,
				930464D92900275300034EAD /* Assets.xcassets */,
				930464DB2900275300034EAD /* LaunchScreen.storyboard */,
				930464DE2900275300034EAD /* Info.plist */,
			);
			path = Maps;
			sourceTree = "<group>";
		};
		9351DE30290177550050067D /* Services */ = {
			isa = PBXGroup;
			children = (
				9351DE2C29012EF90050067D /* UniversalMapService.swift */,
				9351DE2E29012F030050067D /* UniversalMapProtocol.swift */,
				931D0DC4298EBE370031FC19 /* LocationManager.swift */,
			);
			path = Services;
			sourceTree = "<group>";
		};
/* End PBXGroup section */

/* Begin PBXNativeTarget section */
		930464CC2900275000034EAD /* Maps */ = {
			isa = PBXNativeTarget;
			buildConfigurationList = 930464E12900275300034EAD /* Build configuration list for PBXNativeTarget "Maps" */;
			buildPhases = (
				BA76657DC07125459FA16D0B /* [CP] Check Pods Manifest.lock */,
				930464C92900275000034EAD /* Sources */,
				930464CA2900275000034EAD /* Frameworks */,
				930464CB2900275000034EAD /* Resources */,
				06EB0B7B3E26CF626BCABFB2 /* [CP] Copy Pods Resources */,
			);
			buildRules = (
			);
			dependencies = (
			);
			name = Maps;
			productName = Maps;
			productReference = 930464CD2900275000034EAD /* Maps.app */;
			productType = "com.apple.product-type.application";
		};
/* End PBXNativeTarget section */

/* Begin PBXProject section */
		930464C52900275000034EAD /* Project object */ = {
			isa = PBXProject;
			attributes = {
				BuildIndependentTargetsInParallel = 1;
				LastSwiftUpdateCheck = 1340;
				LastUpgradeCheck = 1340;
				TargetAttributes = {
					930464CC2900275000034EAD = {
						CreatedOnToolsVersion = 13.4.1;
					};
				};
			};
			buildConfigurationList = 930464C82900275000034EAD /* Build configuration list for PBXProject "Maps" */;
			compatibilityVersion = "Xcode 13.0";
			developmentRegion = en;
			hasScannedForEncodings = 0;
			knownRegions = (
				en,
				Base,
			);
			mainGroup = 930464C42900275000034EAD;
			productRefGroup = 930464CE2900275000034EAD /* Products */;
			projectDirPath = "";
			projectRoot = "";
			targets = (
				930464CC2900275000034EAD /* Maps */,
			);
		};
/* End PBXProject section */

/* Begin PBXResourcesBuildPhase section */
		930464CB2900275000034EAD /* Resources */ = {
			isa = PBXResourcesBuildPhase;
			buildActionMask = 2147483647;
			files = (
				930464DD2900275300034EAD /* LaunchScreen.storyboard in Resources */,
				930464DA2900275300034EAD /* Assets.xcassets in Resources */,
				930464D82900275000034EAD /* Main.storyboard in Resources */,
			);
			runOnlyForDeploymentPostprocessing = 0;
		};
/* End PBXResourcesBuildPhase section */

/* Begin PBXShellScriptBuildPhase section */
		06EB0B7B3E26CF626BCABFB2 /* [CP] Copy Pods Resources */ = {
			isa = PBXShellScriptBuildPhase;
			buildActionMask = 2147483647;
			files = (
			);
			inputFileListPaths = (
				"${PODS_ROOT}/Target Support Files/Pods-Maps/Pods-Maps-resources-${CONFIGURATION}-input-files.xcfilelist",
			);
			name = "[CP] Copy Pods Resources";
			outputFileListPaths = (
				"${PODS_ROOT}/Target Support Files/Pods-Maps/Pods-Maps-resources-${CONFIGURATION}-output-files.xcfilelist",
			);
			runOnlyForDeploymentPostprocessing = 0;
			shellPath = /bin/sh;
			shellScript = "\"${PODS_ROOT}/Target Support Files/Pods-Maps/Pods-Maps-resources.sh\"\n";
			showEnvVarsInLog = 0;
		};
		BA76657DC07125459FA16D0B /* [CP] Check Pods Manifest.lock */ = {
			isa = PBXShellScriptBuildPhase;
			buildActionMask = 2147483647;
			files = (
			);
			inputFileListPaths = (
			);
			inputPaths = (
				"${PODS_PODFILE_DIR_PATH}/Podfile.lock",
				"${PODS_ROOT}/Manifest.lock",
			);
			name = "[CP] Check Pods Manifest.lock";
			outputFileListPaths = (
			);
			outputPaths = (
				"$(DERIVED_FILE_DIR)/Pods-Maps-checkManifestLockResult.txt",
			);
			runOnlyForDeploymentPostprocessing = 0;
			shellPath = /bin/sh;
			shellScript = "diff \"${PODS_PODFILE_DIR_PATH}/Podfile.lock\" \"${PODS_ROOT}/Manifest.lock\" > /dev/null\nif [ $? != 0 ] ; then\n    # print error to STDERR\n    echo \"error: The sandbox is not in sync with the Podfile.lock. Run 'pod install' or update your CocoaPods installation.\" >&2\n    exit 1\nfi\n# This output is used by Xcode 'outputs' to avoid re-running this script phase.\necho \"SUCCESS\" > \"${SCRIPT_OUTPUT_FILE_0}\"\n";
			showEnvVarsInLog = 0;
		};
/* End PBXShellScriptBuildPhase section */

/* Begin PBXSourcesBuildPhase section */
		930464C92900275000034EAD /* Sources */ = {
			isa = PBXSourcesBuildPhase;
			buildActionMask = 2147483647;
			files = (
				9351DE2D29012EF90050067D /* UniversalMapService.swift in Sources */,
				9351DE2F29012F030050067D /* UniversalMapProtocol.swift in Sources */,
				930464D52900275000034EAD /* UniversalMapViewController.swift in Sources */,
				931D0DC5298EBE370031FC19 /* LocationManager.swift in Sources */,
				930464D12900275000034EAD /* AppDelegate.swift in Sources */,
				9351DE342902B9A50050067D /* MapSettingsViewController.swift in Sources */,
				930464D32900275000034EAD /* SceneDelegate.swift in Sources */,
			);
			runOnlyForDeploymentPostprocessing = 0;
		};
/* End PBXSourcesBuildPhase section */

/* Begin PBXVariantGroup section */
		930464D62900275000034EAD /* Main.storyboard */ = {
			isa = PBXVariantGroup;
			children = (
				930464D72900275000034EAD /* Base */,
			);
			name = Main.storyboard;
			sourceTree = "<group>";
		};
		930464DB2900275300034EAD /* LaunchScreen.storyboard */ = {
			isa = PBXVariantGroup;
			children = (
				930464DC2900275300034EAD /* Base */,
			);
			name = LaunchScreen.storyboard;
			sourceTree = "<group>";
		};
/* End PBXVariantGroup section */

/* Begin XCBuildConfiguration section */
		930464DF2900275300034EAD /* Debug */ = {
			isa = XCBuildConfiguration;
			buildSettings = {
				ALWAYS_SEARCH_USER_PATHS = NO;
				CLANG_ANALYZER_NONNULL = YES;
				CLANG_ANALYZER_NUMBER_OBJECT_CONVERSION = YES_AGGRESSIVE;
				CLANG_CXX_LANGUAGE_STANDARD = "gnu++17";
				CLANG_ENABLE_MODULES = YES;
				CLANG_ENABLE_OBJC_ARC = YES;
				CLANG_ENABLE_OBJC_WEAK = YES;
				CLANG_WARN_BLOCK_CAPTURE_AUTORELEASING = YES;
				CLANG_WARN_BOOL_CONVERSION = YES;
				CLANG_WARN_COMMA = YES;
				CLANG_WARN_CONSTANT_CONVERSION = YES;
				CLANG_WARN_DEPRECATED_OBJC_IMPLEMENTATIONS = YES;
				CLANG_WARN_DIRECT_OBJC_ISA_USAGE = YES_ERROR;
				CLANG_WARN_DOCUMENTATION_COMMENTS = YES;
				CLANG_WARN_EMPTY_BODY = YES;
				CLANG_WARN_ENUM_CONVERSION = YES;
				CLANG_WARN_INFINITE_RECURSION = YES;
				CLANG_WARN_INT_CONVERSION = YES;
				CLANG_WARN_NON_LITERAL_NULL_CONVERSION = YES;
				CLANG_WARN_OBJC_IMPLICIT_RETAIN_SELF = YES;
				CLANG_WARN_OBJC_LITERAL_CONVERSION = YES;
				CLANG_WARN_OBJC_ROOT_CLASS = YES_ERROR;
				CLANG_WARN_QUOTED_INCLUDE_IN_FRAMEWORK_HEADER = YES;
				CLANG_WARN_RANGE_LOOP_ANALYSIS = YES;
				CLANG_WARN_STRICT_PROTOTYPES = YES;
				CLANG_WARN_SUSPICIOUS_MOVE = YES;
				CLANG_WARN_UNGUARDED_AVAILABILITY = YES_AGGRESSIVE;
				CLANG_WARN_UNREACHABLE_CODE = YES;
				CLANG_WARN__DUPLICATE_METHOD_MATCH = YES;
				COPY_PHASE_STRIP = NO;
				DEBUG_INFORMATION_FORMAT = dwarf;
				ENABLE_STRICT_OBJC_MSGSEND = YES;
				ENABLE_TESTABILITY = YES;
				GCC_C_LANGUAGE_STANDARD = gnu11;
				GCC_DYNAMIC_NO_PIC = NO;
				GCC_NO_COMMON_BLOCKS = YES;
				GCC_OPTIMIZATION_LEVEL = 0;
				GCC_PREPROCESSOR_DEFINITIONS = (
					"DEBUG=1",
					"$(inherited)",
				);
				GCC_WARN_64_TO_32_BIT_CONVERSION = YES;
				GCC_WARN_ABOUT_RETURN_TYPE = YES_ERROR;
				GCC_WARN_UNDECLARED_SELECTOR = YES;
				GCC_WARN_UNINITIALIZED_AUTOS = YES_AGGRESSIVE;
				GCC_WARN_UNUSED_FUNCTION = YES;
				GCC_WARN_UNUSED_VARIABLE = YES;
				IPHONEOS_DEPLOYMENT_TARGET = 15.5;
				MTL_ENABLE_DEBUG_INFO = INCLUDE_SOURCE;
				MTL_FAST_MATH = YES;
				ONLY_ACTIVE_ARCH = YES;
				SDKROOT = iphoneos;
				SWIFT_ACTIVE_COMPILATION_CONDITIONS = DEBUG;
				SWIFT_OPTIMIZATION_LEVEL = "-Onone";
			};
			name = Debug;
		};
		930464E02900275300034EAD /* Release */ = {
			isa = XCBuildConfiguration;
			buildSettings = {
				ALWAYS_SEARCH_USER_PATHS = NO;
				CLANG_ANALYZER_NONNULL = YES;
				CLANG_ANALYZER_NUMBER_OBJECT_CONVERSION = YES_AGGRESSIVE;
				CLANG_CXX_LANGUAGE_STANDARD = "gnu++17";
				CLANG_ENABLE_MODULES = YES;
				CLANG_ENABLE_OBJC_ARC = YES;
				CLANG_ENABLE_OBJC_WEAK = YES;
				CLANG_WARN_BLOCK_CAPTURE_AUTORELEASING = YES;
				CLANG_WARN_BOOL_CONVERSION = YES;
				CLANG_WARN_COMMA = YES;
				CLANG_WARN_CONSTANT_CONVERSION = YES;
				CLANG_WARN_DEPRECATED_OBJC_IMPLEMENTATIONS = YES;
				CLANG_WARN_DIRECT_OBJC_ISA_USAGE = YES_ERROR;
				CLANG_WARN_DOCUMENTATION_COMMENTS = YES;
				CLANG_WARN_EMPTY_BODY = YES;
				CLANG_WARN_ENUM_CONVERSION = YES;
				CLANG_WARN_INFINITE_RECURSION = YES;
				CLANG_WARN_INT_CONVERSION = YES;
				CLANG_WARN_NON_LITERAL_NULL_CONVERSION = YES;
				CLANG_WARN_OBJC_IMPLICIT_RETAIN_SELF = YES;
				CLANG_WARN_OBJC_LITERAL_CONVERSION = YES;
				CLANG_WARN_OBJC_ROOT_CLASS = YES_ERROR;
				CLANG_WARN_QUOTED_INCLUDE_IN_FRAMEWORK_HEADER = YES;
				CLANG_WARN_RANGE_LOOP_ANALYSIS = YES;
				CLANG_WARN_STRICT_PROTOTYPES = YES;
				CLANG_WARN_SUSPICIOUS_MOVE = YES;
				CLANG_WARN_UNGUARDED_AVAILABILITY = YES_AGGRESSIVE;
				CLANG_WARN_UNREACHABLE_CODE = YES;
				CLANG_WARN__DUPLICATE_METHOD_MATCH = YES;
				COPY_PHASE_STRIP = NO;
				DEBUG_INFORMATION_FORMAT = "dwarf-with-dsym";
				ENABLE_NS_ASSERTIONS = NO;
				ENABLE_STRICT_OBJC_MSGSEND = YES;
				GCC_C_LANGUAGE_STANDARD = gnu11;
				GCC_NO_COMMON_BLOCKS = YES;
				GCC_WARN_64_TO_32_BIT_CONVERSION = YES;
				GCC_WARN_ABOUT_RETURN_TYPE = YES_ERROR;
				GCC_WARN_UNDECLARED_SELECTOR = YES;
				GCC_WARN_UNINITIALIZED_AUTOS = YES_AGGRESSIVE;
				GCC_WARN_UNUSED_FUNCTION = YES;
				GCC_WARN_UNUSED_VARIABLE = YES;
				IPHONEOS_DEPLOYMENT_TARGET = 15.5;
				MTL_ENABLE_DEBUG_INFO = NO;
				MTL_FAST_MATH = YES;
				SDKROOT = iphoneos;
				SWIFT_COMPILATION_MODE = wholemodule;
				SWIFT_OPTIMIZATION_LEVEL = "-O";
				VALIDATE_PRODUCT = YES;
			};
			name = Release;
		};
		930464E22900275300034EAD /* Debug */ = {
			isa = XCBuildConfiguration;
			baseConfigurationReference = 22B5926C7F46DF95AB1ED727 /* Pods-Maps.debug.xcconfig */;
			buildSettings = {
				ASSETCATALOG_COMPILER_APPICON_NAME = AppIcon;
				ASSETCATALOG_COMPILER_GLOBAL_ACCENT_COLOR_NAME = AccentColor;
				CODE_SIGN_STYLE = Automatic;
				CURRENT_PROJECT_VERSION = 1;
				DEVELOPMENT_TEAM = VNU8KKW4GG;
				GENERATE_INFOPLIST_FILE = YES;
				INFOPLIST_FILE = Maps/Info.plist;
				INFOPLIST_KEY_NSLocationAlwaysAndWhenInUseUsageDescription = "Please, give you location to have better experience with app";
				INFOPLIST_KEY_NSLocationWhenInUseUsageDescription = "Please, give you location to see you on map";
				INFOPLIST_KEY_UIApplicationSupportsIndirectInputEvents = YES;
				INFOPLIST_KEY_UILaunchStoryboardName = LaunchScreen;
				INFOPLIST_KEY_UIMainStoryboardFile = Main;
				INFOPLIST_KEY_UISupportedInterfaceOrientations_iPad = "UIInterfaceOrientationPortrait UIInterfaceOrientationPortraitUpsideDown UIInterfaceOrientationLandscapeLeft UIInterfaceOrientationLandscapeRight";
				INFOPLIST_KEY_UISupportedInterfaceOrientations_iPhone = "UIInterfaceOrientationPortrait UIInterfaceOrientationLandscapeLeft UIInterfaceOrientationLandscapeRight";
				LD_RUNPATH_SEARCH_PATHS = (
					"$(inherited)",
					"@executable_path/Frameworks",
				);
				MARKETING_VERSION = 1.0;
				PRODUCT_BUNDLE_IDENTIFIER = com.dmytrohetman.Maps;
				PRODUCT_NAME = "$(TARGET_NAME)";
				SWIFT_EMIT_LOC_STRINGS = YES;
				SWIFT_VERSION = 5.0;
				TARGETED_DEVICE_FAMILY = "1,2";
			};
			name = Debug;
		};
		930464E32900275300034EAD /* Release */ = {
			isa = XCBuildConfiguration;
			baseConfigurationReference = 7A4A104A93E26E699404D47C /* Pods-Maps.release.xcconfig */;
			buildSettings = {
				ASSETCATALOG_COMPILER_APPICON_NAME = AppIcon;
				ASSETCATALOG_COMPILER_GLOBAL_ACCENT_COLOR_NAME = AccentColor;
				CODE_SIGN_STYLE = Automatic;
				CURRENT_PROJECT_VERSION = 1;
				DEVELOPMENT_TEAM = VNU8KKW4GG;
				GENERATE_INFOPLIST_FILE = YES;
				INFOPLIST_FILE = Maps/Info.plist;
				INFOPLIST_KEY_NSLocationAlwaysAndWhenInUseUsageDescription = "Please, give you location to have better experience with app";
				INFOPLIST_KEY_NSLocationWhenInUseUsageDescription = "Please, give you location to see you on map";
				INFOPLIST_KEY_UIApplicationSupportsIndirectInputEvents = YES;
				INFOPLIST_KEY_UILaunchStoryboardName = LaunchScreen;
				INFOPLIST_KEY_UIMainStoryboardFile = Main;
				INFOPLIST_KEY_UISupportedInterfaceOrientations_iPad = "UIInterfaceOrientationPortrait UIInterfaceOrientationPortraitUpsideDown UIInterfaceOrientationLandscapeLeft UIInterfaceOrientationLandscapeRight";
				INFOPLIST_KEY_UISupportedInterfaceOrientations_iPhone = "UIInterfaceOrientationPortrait UIInterfaceOrientationLandscapeLeft UIInterfaceOrientationLandscapeRight";
				LD_RUNPATH_SEARCH_PATHS = (
					"$(inherited)",
					"@executable_path/Frameworks",
				);
				MARKETING_VERSION = 1.0;
				PRODUCT_BUNDLE_IDENTIFIER = com.dmytrohetman.Maps;
				PRODUCT_NAME = "$(TARGET_NAME)";
				SWIFT_EMIT_LOC_STRINGS = YES;
				SWIFT_VERSION = 5.0;
				TARGETED_DEVICE_FAMILY = "1,2";
			};
			name = Release;
		};
/* End XCBuildConfiguration section */

/* Begin XCConfigurationList section */
		930464C82900275000034EAD /* Build configuration list for PBXProject "Maps" */ = {
			isa = XCConfigurationList;
			buildConfigurations = (
				930464DF2900275300034EAD /* Debug */,
				930464E02900275300034EAD /* Release */,
			);
			defaultConfigurationIsVisible = 0;
			defaultConfigurationName = Release;
		};
		930464E12900275300034EAD /* Build configuration list for PBXNativeTarget "Maps" */ = {
			isa = XCConfigurationList;
			buildConfigurations = (
				930464E22900275300034EAD /* Debug */,
				930464E32900275300034EAD /* Release */,
			);
			defaultConfigurationIsVisible = 0;
			defaultConfigurationName = Release;
		};
/* End XCConfigurationList section */
	};
	rootObject = 930464C52900275000034EAD /* Project object */;
}
